
Microsoft Visual Studio Solution File, Format Version 12.00
# Visual Studio Version 17
VisualStudioVersion = 17.2.32526.322
MinimumVisualStudioVersion = 10.0.40219.1
Project("{FAE04EC0-301F-11D3-BF4B-00C04F79EFBC}") = "Tree", "Tree\Tree.csproj", "{A2F05E0A-F5D2-4F2D-86BD-903775B49309}"
EndProject
Global
	GlobalSection(SolutionConfigurationPlatforms) = preSolution
		Debug|Any CPU = Debug|Any CPU
		Release|Any CPU = Release|Any CPU
	EndGlobalSection
	GlobalSection(ProjectConfigurationPlatforms) = postSolution
		{A2F05E0A-F5D2-4F2D-86BD-903775B49309}.Debug|Any CPU.ActiveCfg = Debug|Any CPU
		{A2F05E0A-F5D2-4F2D-86BD-903775B49309}.Debug|Any CPU.Build.0 = Debug|Any CPU
		{A2F05E0A-F5D2-4F2D-86BD-903775B49309}.Release|Any CPU.ActiveCfg = Release|Any CPU
		{A2F05E0A-F5D2-4F2D-86BD-903775B49309}.Release|Any CPU.Build.0 = Release|Any CPU
	EndGlobalSection
	GlobalSection(SolutionProperties) = preSolution
		HideSolutionNode = FALSE
	EndGlobalSection
	GlobalSection(ExtensibilityGlobals) = postSolution
		SolutionGuid = {D8BA2AFB-2C0F-4A65-8048-F215C7B040B2}
	EndGlobalSection
EndGlobal
